// !$*UTF8*$!
{
	archiveVersion = 1;
	classes = {
	};
	objectVersion = 53;
	objects = {

/* Begin PBXBuildFile section */
		8A05BF0E270F3FBC00115501 /* DdayManager.swift in Sources */ = {isa = PBXBuildFile; fileRef = 8A05BF0D270F3FBC00115501 /* DdayManager.swift */; };
		8A05BF11270F40DF00115501 /* HexColorConvert.swift in Sources */ = {isa = PBXBuildFile; fileRef = 8A05BF10270F40DF00115501 /* HexColorConvert.swift */; };
		8A8A48F5270EF65500484396 /* AppDelegate.swift in Sources */ = {isa = PBXBuildFile; fileRef = 8A8A48F4270EF65500484396 /* AppDelegate.swift */; };
		8A8A48F7270EF65500484396 /* SceneDelegate.swift in Sources */ = {isa = PBXBuildFile; fileRef = 8A8A48F6270EF65500484396 /* SceneDelegate.swift */; };
		8A8A48F9270EF65500484396 /* MainViewController.swift in Sources */ = {isa = PBXBuildFile; fileRef = 8A8A48F8270EF65500484396 /* MainViewController.swift */; };
		8A8A48FC270EF65500484396 /* Main.storyboard in Resources */ = {isa = PBXBuildFile; fileRef = 8A8A48FA270EF65500484396 /* Main.storyboard */; };
		8A8A48FE270EF65600484396 /* Assets.xcassets in Resources */ = {isa = PBXBuildFile; fileRef = 8A8A48FD270EF65600484396 /* Assets.xcassets */; };
		8A8A4901270EF65600484396 /* LaunchScreen.storyboard in Resources */ = {isa = PBXBuildFile; fileRef = 8A8A48FF270EF65600484396 /* LaunchScreen.storyboard */; };
		8A8A490C270F0C2100484396 /* DdayModel.swift in Sources */ = {isa = PBXBuildFile; fileRef = 8A8A490B270F0C2100484396 /* DdayModel.swift */; };
/* End PBXBuildFile section */

/* Begin PBXFileReference section */
		8A05BF0D270F3FBC00115501 /* DdayManager.swift */ = {isa = PBXFileReference; lastKnownFileType = sourcecode.swift; path = DdayManager.swift; sourceTree = "<group>"; };
		8A05BF10270F40DF00115501 /* HexColorConvert.swift */ = {isa = PBXFileReference; lastKnownFileType = sourcecode.swift; path = HexColorConvert.swift; sourceTree = "<group>"; };
		8A8A48F1270EF65500484396 /* AnniversaryCounter.app */ = {isa = PBXFileReference; explicitFileType = wrapper.application; includeInIndex = 0; path = AnniversaryCounter.app; sourceTree = BUILT_PRODUCTS_DIR; };
		8A8A48F4270EF65500484396 /* AppDelegate.swift */ = {isa = PBXFileReference; lastKnownFileType = sourcecode.swift; path = AppDelegate.swift; sourceTree = "<group>"; };
		8A8A48F6270EF65500484396 /* SceneDelegate.swift */ = {isa = PBXFileReference; lastKnownFileType = sourcecode.swift; path = SceneDelegate.swift; sourceTree = "<group>"; };
		8A8A48F8270EF65500484396 /* MainViewController.swift */ = {isa = PBXFileReference; lastKnownFileType = sourcecode.swift; path = MainViewController.swift; sourceTree = "<group>"; };
		8A8A48FB270EF65500484396 /* Base */ = {isa = PBXFileReference; lastKnownFileType = file.storyboard; name = Base; path = Base.lproj/Main.storyboard; sourceTree = "<group>"; };
		8A8A48FD270EF65600484396 /* Assets.xcassets */ = {isa = PBXFileReference; lastKnownFileType = folder.assetcatalog; path = Assets.xcassets; sourceTree = "<group>"; };
		8A8A4900270EF65600484396 /* Base */ = {isa = PBXFileReference; lastKnownFileType = file.storyboard; name = Base; path = Base.lproj/LaunchScreen.storyboard; sourceTree = "<group>"; };
		8A8A4902270EF65600484396 /* Info.plist */ = {isa = PBXFileReference; lastKnownFileType = text.plist.xml; path = Info.plist; sourceTree = "<group>"; };
		8A8A490B270F0C2100484396 /* DdayModel.swift */ = {isa = PBXFileReference; lastKnownFileType = sourcecode.swift; path = DdayModel.swift; sourceTree = "<group>"; };
/* End PBXFileReference section */

/* Begin PBXFrameworksBuildPhase section */
		8A8A48EE270EF65500484396 /* Frameworks */ = {
			isa = PBXFrameworksBuildPhase;
			buildActionMask = 2147483647;
			files = (
			);
			runOnlyForDeploymentPostprocessing = 0;
		};
/* End PBXFrameworksBuildPhase section */

/* Begin PBXGroup section */
		8A05BF0B270F3F0D00115501 /* Models */ = {
			isa = PBXGroup;
			children = (
				8A8A490B270F0C2100484396 /* DdayModel.swift */,
				8A05BF0D270F3FBC00115501 /* DdayManager.swift */,
			);
			path = Models;
			sourceTree = "<group>";
		};
		8A05BF0C270F3F1400115501 /* ViewController */ = {
			isa = PBXGroup;
			children = (
				8A8A48F8270EF65500484396 /* MainViewController.swift */,
			);
			path = ViewController;
			sourceTree = "<group>";
		};
		8A05BF0F270F40BC00115501 /* Utility */ = {
			isa = PBXGroup;
			children = (
				8A05BF10270F40DF00115501 /* HexColorConvert.swift */,
			);
			path = Utility;
			sourceTree = "<group>";
		};
		8A8A48E8270EF65500484396 = {
			isa = PBXGroup;
			children = (
				8A8A48F3270EF65500484396 /* AnniversaryCounter */,
				8A8A48F2270EF65500484396 /* Products */,
			);
			sourceTree = "<group>";
		};
		8A8A48F2270EF65500484396 /* Products */ = {
			isa = PBXGroup;
			children = (
				8A8A48F1270EF65500484396 /* AnniversaryCounter.app */,
			);
			name = Products;
			sourceTree = "<group>";
		};
		8A8A48F3270EF65500484396 /* AnniversaryCounter */ = {
			isa = PBXGroup;
			children = (
				8A8A48F4270EF65500484396 /* AppDelegate.swift */,
				8A8A48F6270EF65500484396 /* SceneDelegate.swift */,
				8A05BF0C270F3F1400115501 /* ViewController */,
				8A05BF0B270F3F0D00115501 /* Models */,
				8ADF3BA7270F4BE8001D3DBD /* Views */,
				8A8A48FD270EF65600484396 /* Assets.xcassets */,
				8A05BF0F270F40BC00115501 /* Utility */,
				8A8A4902270EF65600484396 /* Info.plist */,
			);
			path = AnniversaryCounter;
			sourceTree = "<group>";
		};
		8ADF3BA7270F4BE8001D3DBD /* Views */ = {
			isa = PBXGroup;
			children = (
				8A8A48FA270EF65500484396 /* Main.storyboard */,
				8A8A48FF270EF65600484396 /* LaunchScreen.storyboard */,
			);
			path = Views;
			sourceTree = "<group>";
		};
/* End PBXGroup section */

/* Begin PBXNativeTarget section */
		8A8A48F0270EF65500484396 /* AnniversaryCounter */ = {
			isa = PBXNativeTarget;
			buildConfigurationList = 8A8A4905270EF65600484396 /* Build configuration list for PBXNativeTarget "AnniversaryCounter" */;
			buildPhases = (
				8A8A48ED270EF65500484396 /* Sources */,
				8A8A48EE270EF65500484396 /* Frameworks */,
				8A8A48EF270EF65500484396 /* Resources */,
			);
			buildRules = (
			);
			dependencies = (
			);
			name = AnniversaryCounter;
			packageProductDependencies = (
			);
			productName = AnniversaryCounter;
			productReference = 8A8A48F1270EF65500484396 /* AnniversaryCounter.app */;
			productType = "com.apple.product-type.application";
		};
/* End PBXNativeTarget section */

/* Begin PBXProject section */
		8A8A48E9270EF65500484396 /* Project object */ = {
			isa = PBXProject;
			attributes = {
				BuildIndependentTargetsInParallel = 1;
				LastSwiftUpdateCheck = 1300;
				LastUpgradeCheck = 1300;
				TargetAttributes = {
					8A8A48F0270EF65500484396 = {
						CreatedOnToolsVersion = 13.0;
					};
				};
			};
			buildConfigurationList = 8A8A48EC270EF65500484396 /* Build configuration list for PBXProject "AnniversaryCounter" */;
			compatibilityVersion = "Xcode 9.3";
			developmentRegion = en;
			hasScannedForEncodings = 0;
			knownRegions = (
				en,
				Base,
			);
			mainGroup = 8A8A48E8270EF65500484396;
			packageReferences = (
			);
			productRefGroup = 8A8A48F2270EF65500484396 /* Products */;
			projectDirPath = "";
			projectRoot = "";
			targets = (
				8A8A48F0270EF65500484396 /* AnniversaryCounter */,
			);
		};
/* End PBXProject section */

/* Begin PBXResourcesBuildPhase section */
		8A8A48EF270EF65500484396 /* Resources */ = {
			isa = PBXResourcesBuildPhase;
			buildActionMask = 2147483647;
			files = (
				8A8A4901270EF65600484396 /* LaunchScreen.storyboard in Resources */,
				8A8A48FE270EF65600484396 /* Assets.xcassets in Resources */,
				8A8A48FC270EF65500484396 /* Main.storyboard in Resources */,
			);
			runOnlyForDeploymentPostprocessing = 0;
		};
/* End PBXResourcesBuildPhase section */

/* Begin PBXSourcesBuildPhase section */
		8A8A48ED270EF65500484396 /* Sources */ = {
			isa = PBXSourcesBuildPhase;
			buildActionMask = 2147483647;
			files = (
				8A8A48F9270EF65500484396 /* MainViewController.swift in Sources */,
				8A05BF11270F40DF00115501 /* HexColorConvert.swift in Sources */,
				8A8A48F5270EF65500484396 /* AppDelegate.swift in Sources */,
				8A8A48F7270EF65500484396 /* SceneDelegate.swift in Sources */,
				8A8A490C270F0C2100484396 /* DdayModel.swift in Sources */,
				8A05BF0E270F3FBC00115501 /* DdayManager.swift in Sources */,
			);
			runOnlyForDeploymentPostprocessing = 0;
		};
/* End PBXSourcesBuildPhase section */

/* Begin PBXVariantGroup section */
		8A8A48FA270EF65500484396 /* Main.storyboard */ = {
			isa = PBXVariantGroup;
			children = (
				8A8A48FB270EF65500484396 /* Base */,
			);
			name = Main.storyboard;
			sourceTree = "<group>";
		};
		8A8A48FF270EF65600484396 /* LaunchScreen.storyboard */ = {
			isa = PBXVariantGroup;
			children = (
				8A8A4900270EF65600484396 /* Base */,
			);
			name = LaunchScreen.storyboard;
			sourceTree = "<group>";
		};
/* End PBXVariantGroup section */

/* Begin XCBuildConfiguration section */
		8A8A4903270EF65600484396 /* Debug */ = {
			isa = XCBuildConfiguration;
			buildSettings = {
				ALWAYS_SEARCH_USER_PATHS = NO;
				CLANG_ANALYZER_NONNULL = YES;
				CLANG_ANALYZER_NUMBER_OBJECT_CONVERSION = YES_AGGRESSIVE;
				CLANG_CXX_LANGUAGE_STANDARD = "gnu++17";
				CLANG_CXX_LIBRARY = "libc++";
				CLANG_ENABLE_MODULES = YES;
				CLANG_ENABLE_OBJC_ARC = YES;
				CLANG_ENABLE_OBJC_WEAK = YES;
				CLANG_WARN_BLOCK_CAPTURE_AUTORELEASING = YES;
				CLANG_WARN_BOOL_CONVERSION = YES;
				CLANG_WARN_COMMA = YES;
				CLANG_WARN_CONSTANT_CONVERSION = YES;
				CLANG_WARN_DEPRECATED_OBJC_IMPLEMENTATIONS = YES;
				CLANG_WARN_DIRECT_OBJC_ISA_USAGE = YES_ERROR;
				CLANG_WARN_DOCUMENTATION_COMMENTS = YES;
				CLANG_WARN_EMPTY_BODY = YES;
				CLANG_WARN_ENUM_CONVERSION = YES;
				CLANG_WARN_INFINITE_RECURSION = YES;
				CLANG_WARN_INT_CONVERSION = YES;
				CLANG_WARN_NON_LITERAL_NULL_CONVERSION = YES;
				CLANG_WARN_OBJC_IMPLICIT_RETAIN_SELF = YES;
				CLANG_WARN_OBJC_LITERAL_CONVERSION = YES;
				CLANG_WARN_OBJC_ROOT_CLASS = YES_ERROR;
				CLANG_WARN_QUOTED_INCLUDE_IN_FRAMEWORK_HEADER = YES;
				CLANG_WARN_RANGE_LOOP_ANALYSIS = YES;
				CLANG_WARN_STRICT_PROTOTYPES = YES;
				CLANG_WARN_SUSPICIOUS_MOVE = YES;
				CLANG_WARN_UNGUARDED_AVAILABILITY = YES_AGGRESSIVE;
				CLANG_WARN_UNREACHABLE_CODE = YES;
				CLANG_WARN__DUPLICATE_METHOD_MATCH = YES;
				COPY_PHASE_STRIP = NO;
				DEBUG_INFORMATION_FORMAT = dwarf;
				ENABLE_STRICT_OBJC_MSGSEND = YES;
				ENABLE_TESTABILITY = YES;
				GCC_C_LANGUAGE_STANDARD = gnu11;
				GCC_DYNAMIC_NO_PIC = NO;
				GCC_NO_COMMON_BLOCKS = YES;
				GCC_OPTIMIZATION_LEVEL = 0;
				GCC_PREPROCESSOR_DEFINITIONS = (
					"DEBUG=1",
					"$(inherited)",
				);
				GCC_WARN_64_TO_32_BIT_CONVERSION = YES;
				GCC_WARN_ABOUT_RETURN_TYPE = YES_ERROR;
				GCC_WARN_UNDECLARED_SELECTOR = YES;
				GCC_WARN_UNINITIALIZED_AUTOS = YES_AGGRESSIVE;
				GCC_WARN_UNUSED_FUNCTION = YES;
				GCC_WARN_UNUSED_VARIABLE = YES;
				IPHONEOS_DEPLOYMENT_TARGET = 15.0;
				MTL_ENABLE_DEBUG_INFO = INCLUDE_SOURCE;
				MTL_FAST_MATH = YES;
				ONLY_ACTIVE_ARCH = YES;
				SDKROOT = iphoneos;
				SWIFT_ACTIVE_COMPILATION_CONDITIONS = DEBUG;
				SWIFT_OPTIMIZATION_LEVEL = "-Onone";
			};
			name = Debug;
		};
		8A8A4904270EF65600484396 /* Release */ = {
			isa = XCBuildConfiguration;
			buildSettings = {
				ALWAYS_SEARCH_USER_PATHS = NO;
				CLANG_ANALYZER_NONNULL = YES;
				CLANG_ANALYZER_NUMBER_OBJECT_CONVERSION = YES_AGGRESSIVE;
				CLANG_CXX_LANGUAGE_STANDARD = "gnu++17";
				CLANG_CXX_LIBRARY = "libc++";
				CLANG_ENABLE_MODULES = YES;
				CLANG_ENABLE_OBJC_ARC = YES;
				CLANG_ENABLE_OBJC_WEAK = YES;
				CLANG_WARN_BLOCK_CAPTURE_AUTORELEASING = YES;
				CLANG_WARN_BOOL_CONVERSION = YES;
				CLANG_WARN_COMMA = YES;
				CLANG_WARN_CONSTANT_CONVERSION = YES;
				CLANG_WARN_DEPRECATED_OBJC_IMPLEMENTATIONS = YES;
				CLANG_WARN_DIRECT_OBJC_ISA_USAGE = YES_ERROR;
				CLANG_WARN_DOCUMENTATION_COMMENTS = YES;
				CLANG_WARN_EMPTY_BODY = YES;
				CLANG_WARN_ENUM_CONVERSION = YES;
				CLANG_WARN_INFINITE_RECURSION = YES;
				CLANG_WARN_INT_CONVERSION = YES;
				CLANG_WARN_NON_LITERAL_NULL_CONVERSION = YES;
				CLANG_WARN_OBJC_IMPLICIT_RETAIN_SELF = YES;
				CLANG_WARN_OBJC_LITERAL_CONVERSION = YES;
				CLANG_WARN_OBJC_ROOT_CLASS = YES_ERROR;
				CLANG_WARN_QUOTED_INCLUDE_IN_FRAMEWORK_HEADER = YES;
				CLANG_WARN_RANGE_LOOP_ANALYSIS = YES;
				CLANG_WARN_STRICT_PROTOTYPES = YES;
				CLANG_WARN_SUSPICIOUS_MOVE = YES;
				CLANG_WARN_UNGUARDED_AVAILABILITY = YES_AGGRESSIVE;
				CLANG_WARN_UNREACHABLE_CODE = YES;
				CLANG_WARN__DUPLICATE_METHOD_MATCH = YES;
				COPY_PHASE_STRIP = NO;
				DEBUG_INFORMATION_FORMAT = "dwarf-with-dsym";
				ENABLE_NS_ASSERTIONS = NO;
				ENABLE_STRICT_OBJC_MSGSEND = YES;
				GCC_C_LANGUAGE_STANDARD = gnu11;
				GCC_NO_COMMON_BLOCKS = YES;
				GCC_WARN_64_TO_32_BIT_CONVERSION = YES;
				GCC_WARN_ABOUT_RETURN_TYPE = YES_ERROR;
				GCC_WARN_UNDECLARED_SELECTOR = YES;
				GCC_WARN_UNINITIALIZED_AUTOS = YES_AGGRESSIVE;
				GCC_WARN_UNUSED_FUNCTION = YES;
				GCC_WARN_UNUSED_VARIABLE = YES;
				IPHONEOS_DEPLOYMENT_TARGET = 15.0;
				MTL_ENABLE_DEBUG_INFO = NO;
				MTL_FAST_MATH = YES;
				SDKROOT = iphoneos;
				SWIFT_COMPILATION_MODE = wholemodule;
				SWIFT_OPTIMIZATION_LEVEL = "-O";
				VALIDATE_PRODUCT = YES;
			};
			name = Release;
		};
		8A8A4906270EF65600484396 /* Debug */ = {
			isa = XCBuildConfiguration;
			buildSettings = {
				ASSETCATALOG_COMPILER_APPICON_NAME = AppIcon;
				ASSETCATALOG_COMPILER_GLOBAL_ACCENT_COLOR_NAME = AccentColor;
				CODE_SIGN_STYLE = Automatic;
				CURRENT_PROJECT_VERSION = 1;
				DEVELOPMENT_TEAM = XJXA3BQDMJ;
				GENERATE_INFOPLIST_FILE = YES;
				INFOPLIST_FILE = AnniversaryCounter/Info.plist;
				INFOPLIST_KEY_UIApplicationSupportsIndirectInputEvents = YES;
				INFOPLIST_KEY_UILaunchStoryboardName = LaunchScreen;
				INFOPLIST_KEY_UIMainStoryboardFile = Main;
				INFOPLIST_KEY_UISupportedInterfaceOrientations = UIInterfaceOrientationPortrait;
				INFOPLIST_KEY_UISupportedInterfaceOrientations_iPad = "UIInterfaceOrientationPortrait UIInterfaceOrientationPortraitUpsideDown UIInterfaceOrientationLandscapeLeft UIInterfaceOrientationLandscapeRight";
				INFOPLIST_KEY_UISupportedInterfaceOrientations_iPhone = "UIInterfaceOrientationPortrait UIInterfaceOrientationLandscapeLeft UIInterfaceOrientationLandscapeRight";
				IPHONEOS_DEPLOYMENT_TARGET = 13.0;
				LD_RUNPATH_SEARCH_PATHS = (
					"$(inherited)",
					"@executable_path/Frameworks",
				);
				MARKETING_VERSION = 1.0;
				PRODUCT_BUNDLE_IDENTIFIER = com.GookBob.AnniversaryCounter;
				PRODUCT_NAME = "$(TARGET_NAME)";
				SWIFT_EMIT_LOC_STRINGS = YES;
				SWIFT_VERSION = 5.0;
				TARGETED_DEVICE_FAMILY = 1;
			};
			name = Debug;
		};
		8A8A4907270EF65600484396 /* Release */ = {
			isa = XCBuildConfiguration;
			buildSettings = {
				ASSETCATALOG_COMPILER_APPICON_NAME = AppIcon;
				ASSETCATALOG_COMPILER_GLOBAL_ACCENT_COLOR_NAME = AccentColor;
				CODE_SIGN_STYLE = Automatic;
				CURRENT_PROJECT_VERSION = 1;
				DEVELOPMENT_TEAM = XJXA3BQDMJ;
				GENERATE_INFOPLIST_FILE = YES;
				INFOPLIST_FILE = AnniversaryCounter/Info.plist;
				INFOPLIST_KEY_UIApplicationSupportsIndirectInputEvents = YES;
				INFOPLIST_KEY_UILaunchStoryboardName = LaunchScreen;
				INFOPLIST_KEY_UIMainStoryboardFile = Main;
				INFOPLIST_KEY_UISupportedInterfaceOrientations = UIInterfaceOrientationPortrait;
				INFOPLIST_KEY_UISupportedInterfaceOrientations_iPad = "UIInterfaceOrientationPortrait UIInterfaceOrientationPortraitUpsideDown UIInterfaceOrientationLandscapeLeft UIInterfaceOrientationLandscapeRight";
				INFOPLIST_KEY_UISupportedInterfaceOrientations_iPhone = "UIInterfaceOrientationPortrait UIInterfaceOrientationLandscapeLeft UIInterfaceOrientationLandscapeRight";
				IPHONEOS_DEPLOYMENT_TARGET = 13.0;
				LD_RUNPATH_SEARCH_PATHS = (
					"$(inherited)",
					"@executable_path/Frameworks",
				);
				MARKETING_VERSION = 1.0;
				PRODUCT_BUNDLE_IDENTIFIER = com.GookBob.AnniversaryCounter;
				PRODUCT_NAME = "$(TARGET_NAME)";
				SWIFT_EMIT_LOC_STRINGS = YES;
				SWIFT_VERSION = 5.0;
				TARGETED_DEVICE_FAMILY = 1;
			};
			name = Release;
		};
/* End XCBuildConfiguration section */

/* Begin XCConfigurationList section */
		8A8A48EC270EF65500484396 /* Build configuration list for PBXProject "AnniversaryCounter" */ = {
			isa = XCConfigurationList;
			buildConfigurations = (
				8A8A4903270EF65600484396 /* Debug */,
				8A8A4904270EF65600484396 /* Release */,
			);
			defaultConfigurationIsVisible = 0;
			defaultConfigurationName = Release;
		};
		8A8A4905270EF65600484396 /* Build configuration list for PBXNativeTarget "AnniversaryCounter" */ = {
			isa = XCConfigurationList;
			buildConfigurations = (
				8A8A4906270EF65600484396 /* Debug */,
				8A8A4907270EF65600484396 /* Release */,
			);
			defaultConfigurationIsVisible = 0;
			defaultConfigurationName = Release;
		};
/* End XCConfigurationList section */
	};
	rootObject = 8A8A48E9270EF65500484396 /* Project object */;
}
