// !$*UTF8*$!
{
	archiveVersion = 1;
	classes = {
	};
	objectVersion = 53;
	objects = {

/* Begin PBXBuildFile section */
		8A0D411A271D9FBC00D02849 /* WebViewController.swift in Sources */ = {isa = PBXBuildFile; fileRef = 8A0D4119271D9FBC00D02849 /* WebViewController.swift */; };
		8A0D411D271DAA6100D02849 /* MainTableViewTopCell.xib in Resources */ = {isa = PBXBuildFile; fileRef = 8A0D411C271DAA6100D02849 /* MainTableViewTopCell.xib */; };
		8A166FE327279D2500FA852B /* Alamofire in Frameworks */ = {isa = PBXBuildFile; productRef = 8A166FE227279D2500FA852B /* Alamofire */; };
		8A166FE627279D3300FA852B /* SwiftyJSON in Frameworks */ = {isa = PBXBuildFile; productRef = 8A166FE527279D3300FA852B /* SwiftyJSON */; };
		8A166FE82727A8B200FA852B /* MovieModel.swift in Sources */ = {isa = PBXBuildFile; fileRef = 8A166FE72727A8B200FA852B /* MovieModel.swift */; };
		8A20433B2729B8CF00C29541 /* TmdbAPIManager.swift.swift in Sources */ = {isa = PBXBuildFile; fileRef = 8A20433A2729B8CF00C29541 /* TmdbAPIManager.swift.swift */; };
		8A233D7027199E0B00BB33DF /* AppDelegate.swift in Sources */ = {isa = PBXBuildFile; fileRef = 8A233D6F27199E0B00BB33DF /* AppDelegate.swift */; };
		8A233D7227199E0B00BB33DF /* SceneDelegate.swift in Sources */ = {isa = PBXBuildFile; fileRef = 8A233D7127199E0B00BB33DF /* SceneDelegate.swift */; };
		8A233D7427199E0B00BB33DF /* MainViewController.swift in Sources */ = {isa = PBXBuildFile; fileRef = 8A233D7327199E0B00BB33DF /* MainViewController.swift */; };
		8A233D7727199E0B00BB33DF /* Main.storyboard in Resources */ = {isa = PBXBuildFile; fileRef = 8A233D7527199E0B00BB33DF /* Main.storyboard */; };
		8A233D7927199E0C00BB33DF /* Assets.xcassets in Resources */ = {isa = PBXBuildFile; fileRef = 8A233D7827199E0C00BB33DF /* Assets.xcassets */; };
		8A233D7C27199E0C00BB33DF /* LaunchScreen.storyboard in Resources */ = {isa = PBXBuildFile; fileRef = 8A233D7A27199E0C00BB33DF /* LaunchScreen.storyboard */; };
		8A233D852719A69A00BB33DF /* Constants.swift in Sources */ = {isa = PBXBuildFile; fileRef = 8A233D842719A69A00BB33DF /* Constants.swift */; };
		8A24E655271C7EF9007560D6 /* DetailMediaViewController.swift in Sources */ = {isa = PBXBuildFile; fileRef = 8A24E654271C7EF9007560D6 /* DetailMediaViewController.swift */; };
		8A24E65A271C953A007560D6 /* ActorTableViewCell.swift in Sources */ = {isa = PBXBuildFile; fileRef = 8A24E658271C953A007560D6 /* ActorTableViewCell.swift */; };
		8A24E65B271C953A007560D6 /* ActorTableViewCell.xib in Resources */ = {isa = PBXBuildFile; fileRef = 8A24E659271C953A007560D6 /* ActorTableViewCell.xib */; };
		8A24E65D271C994C007560D6 /* MainTableViewTopCell.swift in Sources */ = {isa = PBXBuildFile; fileRef = 8A24E65C271C994C007560D6 /* MainTableViewTopCell.swift */; };
		8A24E661271CA0CE007560D6 /* MovieSearchViewController.swift in Sources */ = {isa = PBXBuildFile; fileRef = 8A24E660271CA0CE007560D6 /* MovieSearchViewController.swift */; };
		8A24E664271CA123007560D6 /* MovieSearchTableViewCell.swift in Sources */ = {isa = PBXBuildFile; fileRef = 8A24E662271CA123007560D6 /* MovieSearchTableViewCell.swift */; };
		8A24E665271CA123007560D6 /* MovieSearchTableViewCell.xib in Resources */ = {isa = PBXBuildFile; fileRef = 8A24E663271CA123007560D6 /* MovieSearchTableViewCell.xib */; };
		8A24E667271CA4A0007560D6 /* VerticalLineView.swift in Sources */ = {isa = PBXBuildFile; fileRef = 8A24E666271CA4A0007560D6 /* VerticalLineView.swift */; };
		8A437080271C3465002BF12F /* MediaContents.swift in Sources */ = {isa = PBXBuildFile; fileRef = 8A43707F271C3465002BF12F /* MediaContents.swift */; };
		8A437082271C3528002BF12F /* MediaManager.swift in Sources */ = {isa = PBXBuildFile; fileRef = 8A437081271C3527002BF12F /* MediaManager.swift */; };
		8A437085271C3720002BF12F /* Kingfisher in Frameworks */ = {isa = PBXBuildFile; productRef = 8A437084271C3720002BF12F /* Kingfisher */; };
		8A437087271C4175002BF12F /* LineView.swift in Sources */ = {isa = PBXBuildFile; fileRef = 8A437086271C4175002BF12F /* LineView.swift */; };
		8A43708A271C426B002BF12F /* Extensions.swift in Sources */ = {isa = PBXBuildFile; fileRef = 8A437089271C426B002BF12F /* Extensions.swift */; };
		8A623F57271BEE65006699BA /* MediaTableViewCell.swift in Sources */ = {isa = PBXBuildFile; fileRef = 8A623F55271BEE65006699BA /* MediaTableViewCell.swift */; };
		8A6B81842720338300C03E11 /* MapViewController.swift in Sources */ = {isa = PBXBuildFile; fileRef = 8A6B81832720338300C03E11 /* MapViewController.swift */; };
		8A6CA3762731803B003AE5A5 /* BoxOfficeModel.swift in Sources */ = {isa = PBXBuildFile; fileRef = 8A6CA3752731803B003AE5A5 /* BoxOfficeModel.swift */; };
		8A6CA3792731804B003AE5A5 /* Realm in Frameworks */ = {isa = PBXBuildFile; productRef = 8A6CA3782731804B003AE5A5 /* Realm */; };
		8A6CA37B2731804B003AE5A5 /* RealmSwift in Frameworks */ = {isa = PBXBuildFile; productRef = 8A6CA37A2731804B003AE5A5 /* RealmSwift */; };
		8A7ADAEF271F0E48008AB620 /* DetailMediaStorylineTableViewCell.xib in Resources */ = {isa = PBXBuildFile; fileRef = 8A7ADAED271F0E48008AB620 /* DetailMediaStorylineTableViewCell.xib */; };
		8A7ADAF0271F0E48008AB620 /* DetailMediaStorylineTableViewCell.swift in Sources */ = {isa = PBXBuildFile; fileRef = 8A7ADAEE271F0E48008AB620 /* DetailMediaStorylineTableViewCell.swift */; };
		8A7ADAF2271F31DC008AB620 /* BookListViewController.swift in Sources */ = {isa = PBXBuildFile; fileRef = 8A7ADAF1271F31DC008AB620 /* BookListViewController.swift */; };
		8A7ADAF6271F3407008AB620 /* BookListCollectionViewCell.swift in Sources */ = {isa = PBXBuildFile; fileRef = 8A7ADAF4271F3407008AB620 /* BookListCollectionViewCell.swift */; };
		8A7ADAF7271F3407008AB620 /* BookListCollectionViewCell.xib in Resources */ = {isa = PBXBuildFile; fileRef = 8A7ADAF5271F3407008AB620 /* BookListCollectionViewCell.xib */; };
		8ABA493A27284DEC00769DE9 /* MovieSearch.storyboard in Resources */ = {isa = PBXBuildFile; fileRef = 8ABA493927284DEC00769DE9 /* MovieSearch.storyboard */; };
		8ABA493C2728501800769DE9 /* BoxOfficeVIewController.swift.swift in Sources */ = {isa = PBXBuildFile; fileRef = 8ABA493B2728501800769DE9 /* BoxOfficeVIewController.swift.swift */; };
		8ABA49402728538700769DE9 /* SnapKit in Frameworks */ = {isa = PBXBuildFile; productRef = 8ABA493F2728538700769DE9 /* SnapKit */; };
		8ABA494427286B9C00769DE9 /* BoxOfficeCell.swift in Sources */ = {isa = PBXBuildFile; fileRef = 8ABA494227286B9C00769DE9 /* BoxOfficeCell.swift */; };
		8ABA494527286B9C00769DE9 /* BoxOfficeCell.xib in Resources */ = {isa = PBXBuildFile; fileRef = 8ABA494327286B9C00769DE9 /* BoxOfficeCell.xib */; };
		8AC9956427204A3300F64BE2 /* cinemas.json in Resources */ = {isa = PBXBuildFile; fileRef = 8AC9956327204A3300F64BE2 /* cinemas.json */; };
		8AC9956627204AD500F64BE2 /* TheaterLocation.swift in Sources */ = {isa = PBXBuildFile; fileRef = 8AC9956527204AD500F64BE2 /* TheaterLocation.swift */; };
		8AD18715271DAAE1009814BE /* MediaTableViewCell.xib in Resources */ = {isa = PBXBuildFile; fileRef = 8AD18714271DAAE1009814BE /* MediaTableViewCell.xib */; };
		8AD18719271DAB82009814BE /* ActorTableViewHeaderView.swift in Sources */ = {isa = PBXBuildFile; fileRef = 8AD18718271DAB82009814BE /* ActorTableViewHeaderView.swift */; };
		8AEB03B4271DBF9000503A5F /* ActorTableViewHeaderView.xib in Resources */ = {isa = PBXBuildFile; fileRef = 8AEB03B3271DBF9000503A5F /* ActorTableViewHeaderView.xib */; };
/* End PBXBuildFile section */

/* Begin PBXFileReference section */
		8A0D4119271D9FBC00D02849 /* WebViewController.swift */ = {isa = PBXFileReference; lastKnownFileType = sourcecode.swift; path = WebViewController.swift; sourceTree = "<group>"; };
		8A0D411C271DAA6100D02849 /* MainTableViewTopCell.xib */ = {isa = PBXFileReference; fileEncoding = 4; lastKnownFileType = file.xib; path = MainTableViewTopCell.xib; sourceTree = "<group>"; };
		8A166FE72727A8B200FA852B /* MovieModel.swift */ = {isa = PBXFileReference; lastKnownFileType = sourcecode.swift; path = MovieModel.swift; sourceTree = "<group>"; };
		8A166FE92727AC9A00FA852B /* Config.xcconfig */ = {isa = PBXFileReference; lastKnownFileType = text.xcconfig; path = Config.xcconfig; sourceTree = "<group>"; };
		8A20433A2729B8CF00C29541 /* TmdbAPIManager.swift.swift */ = {isa = PBXFileReference; lastKnownFileType = sourcecode.swift; name = TmdbAPIManager.swift.swift; path = TrendMedia/TmdbAPIManager.swift.swift; sourceTree = SOURCE_ROOT; };
		8A233D6C27199E0B00BB33DF /* TrendMedia.app */ = {isa = PBXFileReference; explicitFileType = wrapper.application; includeInIndex = 0; path = TrendMedia.app; sourceTree = BUILT_PRODUCTS_DIR; };
		8A233D6F27199E0B00BB33DF /* AppDelegate.swift */ = {isa = PBXFileReference; lastKnownFileType = sourcecode.swift; path = AppDelegate.swift; sourceTree = "<group>"; };
		8A233D7127199E0B00BB33DF /* SceneDelegate.swift */ = {isa = PBXFileReference; lastKnownFileType = sourcecode.swift; path = SceneDelegate.swift; sourceTree = "<group>"; };
		8A233D7327199E0B00BB33DF /* MainViewController.swift */ = {isa = PBXFileReference; lastKnownFileType = sourcecode.swift; path = MainViewController.swift; sourceTree = "<group>"; };
		8A233D7627199E0B00BB33DF /* Base */ = {isa = PBXFileReference; lastKnownFileType = file.storyboard; name = Base; path = Base.lproj/Main.storyboard; sourceTree = "<group>"; };
		8A233D7827199E0C00BB33DF /* Assets.xcassets */ = {isa = PBXFileReference; lastKnownFileType = folder.assetcatalog; path = Assets.xcassets; sourceTree = "<group>"; };
		8A233D7B27199E0C00BB33DF /* Base */ = {isa = PBXFileReference; lastKnownFileType = file.storyboard; name = Base; path = Base.lproj/LaunchScreen.storyboard; sourceTree = "<group>"; };
		8A233D7D27199E0C00BB33DF /* Info.plist */ = {isa = PBXFileReference; lastKnownFileType = text.plist.xml; path = Info.plist; sourceTree = "<group>"; };
		8A233D842719A69A00BB33DF /* Constants.swift */ = {isa = PBXFileReference; lastKnownFileType = sourcecode.swift; path = Constants.swift; sourceTree = "<group>"; };
		8A24E654271C7EF9007560D6 /* DetailMediaViewController.swift */ = {isa = PBXFileReference; lastKnownFileType = sourcecode.swift; path = DetailMediaViewController.swift; sourceTree = "<group>"; };
		8A24E658271C953A007560D6 /* ActorTableViewCell.swift */ = {isa = PBXFileReference; lastKnownFileType = sourcecode.swift; path = ActorTableViewCell.swift; sourceTree = "<group>"; };
		8A24E659271C953A007560D6 /* ActorTableViewCell.xib */ = {isa = PBXFileReference; lastKnownFileType = file.xib; path = ActorTableViewCell.xib; sourceTree = "<group>"; };
		8A24E65C271C994C007560D6 /* MainTableViewTopCell.swift */ = {isa = PBXFileReference; lastKnownFileType = sourcecode.swift; path = MainTableViewTopCell.swift; sourceTree = "<group>"; };
		8A24E660271CA0CE007560D6 /* MovieSearchViewController.swift */ = {isa = PBXFileReference; lastKnownFileType = sourcecode.swift; path = MovieSearchViewController.swift; sourceTree = "<group>"; };
		8A24E662271CA123007560D6 /* MovieSearchTableViewCell.swift */ = {isa = PBXFileReference; lastKnownFileType = sourcecode.swift; path = MovieSearchTableViewCell.swift; sourceTree = "<group>"; };
		8A24E663271CA123007560D6 /* MovieSearchTableViewCell.xib */ = {isa = PBXFileReference; lastKnownFileType = file.xib; path = MovieSearchTableViewCell.xib; sourceTree = "<group>"; };
		8A24E666271CA4A0007560D6 /* VerticalLineView.swift */ = {isa = PBXFileReference; lastKnownFileType = sourcecode.swift; path = VerticalLineView.swift; sourceTree = "<group>"; };
		8A43707F271C3465002BF12F /* MediaContents.swift */ = {isa = PBXFileReference; lastKnownFileType = sourcecode.swift; path = MediaContents.swift; sourceTree = "<group>"; };
		8A437081271C3527002BF12F /* MediaManager.swift */ = {isa = PBXFileReference; lastKnownFileType = sourcecode.swift; path = MediaManager.swift; sourceTree = "<group>"; };
		8A437086271C4175002BF12F /* LineView.swift */ = {isa = PBXFileReference; lastKnownFileType = sourcecode.swift; path = LineView.swift; sourceTree = "<group>"; };
		8A437089271C426B002BF12F /* Extensions.swift */ = {isa = PBXFileReference; lastKnownFileType = sourcecode.swift; path = Extensions.swift; sourceTree = "<group>"; };
		8A623F55271BEE65006699BA /* MediaTableViewCell.swift */ = {isa = PBXFileReference; lastKnownFileType = sourcecode.swift; path = MediaTableViewCell.swift; sourceTree = "<group>"; };
		8A6B81832720338300C03E11 /* MapViewController.swift */ = {isa = PBXFileReference; lastKnownFileType = sourcecode.swift; path = MapViewController.swift; sourceTree = "<group>"; };
		8A6CA3752731803B003AE5A5 /* BoxOfficeModel.swift */ = {isa = PBXFileReference; lastKnownFileType = sourcecode.swift; path = BoxOfficeModel.swift; sourceTree = "<group>"; };
		8A7ADAED271F0E48008AB620 /* DetailMediaStorylineTableViewCell.xib */ = {isa = PBXFileReference; fileEncoding = 4; lastKnownFileType = file.xib; path = DetailMediaStorylineTableViewCell.xib; sourceTree = "<group>"; };
		8A7ADAEE271F0E48008AB620 /* DetailMediaStorylineTableViewCell.swift */ = {isa = PBXFileReference; fileEncoding = 4; lastKnownFileType = sourcecode.swift; path = DetailMediaStorylineTableViewCell.swift; sourceTree = "<group>"; };
		8A7ADAF1271F31DC008AB620 /* BookListViewController.swift */ = {isa = PBXFileReference; lastKnownFileType = sourcecode.swift; path = BookListViewController.swift; sourceTree = "<group>"; };
		8A7ADAF4271F3407008AB620 /* BookListCollectionViewCell.swift */ = {isa = PBXFileReference; lastKnownFileType = sourcecode.swift; path = BookListCollectionViewCell.swift; sourceTree = "<group>"; };
		8A7ADAF5271F3407008AB620 /* BookListCollectionViewCell.xib */ = {isa = PBXFileReference; lastKnownFileType = file.xib; path = BookListCollectionViewCell.xib; sourceTree = "<group>"; };
		8ABA493927284DEC00769DE9 /* MovieSearch.storyboard */ = {isa = PBXFileReference; lastKnownFileType = file.storyboard; path = MovieSearch.storyboard; sourceTree = "<group>"; };
		8ABA493B2728501800769DE9 /* BoxOfficeVIewController.swift.swift */ = {isa = PBXFileReference; lastKnownFileType = sourcecode.swift; path = BoxOfficeVIewController.swift.swift; sourceTree = "<group>"; };
		8ABA494227286B9C00769DE9 /* BoxOfficeCell.swift */ = {isa = PBXFileReference; lastKnownFileType = sourcecode.swift; path = BoxOfficeCell.swift; sourceTree = "<group>"; };
		8ABA494327286B9C00769DE9 /* BoxOfficeCell.xib */ = {isa = PBXFileReference; lastKnownFileType = file.xib; path = BoxOfficeCell.xib; sourceTree = "<group>"; };
		8AC9956327204A3300F64BE2 /* cinemas.json */ = {isa = PBXFileReference; fileEncoding = 4; lastKnownFileType = text.json; path = cinemas.json; sourceTree = "<group>"; };
		8AC9956527204AD500F64BE2 /* TheaterLocation.swift */ = {isa = PBXFileReference; lastKnownFileType = sourcecode.swift; path = TheaterLocation.swift; sourceTree = "<group>"; };
		8AD18714271DAAE1009814BE /* MediaTableViewCell.xib */ = {isa = PBXFileReference; fileEncoding = 4; lastKnownFileType = file.xib; path = MediaTableViewCell.xib; sourceTree = "<group>"; };
		8AD18718271DAB82009814BE /* ActorTableViewHeaderView.swift */ = {isa = PBXFileReference; lastKnownFileType = sourcecode.swift; path = ActorTableViewHeaderView.swift; sourceTree = "<group>"; };
		8AEB03B3271DBF9000503A5F /* ActorTableViewHeaderView.xib */ = {isa = PBXFileReference; lastKnownFileType = file.xib; path = ActorTableViewHeaderView.xib; sourceTree = "<group>"; };
/* End PBXFileReference section */

/* Begin PBXFrameworksBuildPhase section */
		8A233D6927199E0B00BB33DF /* Frameworks */ = {
			isa = PBXFrameworksBuildPhase;
			buildActionMask = 2147483647;
			files = (
				8A6CA37B2731804B003AE5A5 /* RealmSwift in Frameworks */,
				8A166FE627279D3300FA852B /* SwiftyJSON in Frameworks */,
				8ABA49402728538700769DE9 /* SnapKit in Frameworks */,
				8A437085271C3720002BF12F /* Kingfisher in Frameworks */,
				8A166FE327279D2500FA852B /* Alamofire in Frameworks */,
				8A6CA3792731804B003AE5A5 /* Realm in Frameworks */,
			);
			runOnlyForDeploymentPostprocessing = 0;
		};
/* End PBXFrameworksBuildPhase section */

/* Begin PBXGroup section */
		8A0D411B271DA98400D02849 /* MainViews */ = {
			isa = PBXGroup;
			children = (
				8A437086271C4175002BF12F /* LineView.swift */,
				8A24E65C271C994C007560D6 /* MainTableViewTopCell.swift */,
				8A0D411C271DAA6100D02849 /* MainTableViewTopCell.xib */,
				8A623F55271BEE65006699BA /* MediaTableViewCell.swift */,
				8AD18714271DAAE1009814BE /* MediaTableViewCell.xib */,
			);
			path = MainViews;
			sourceTree = "<group>";
		};
		8A233D6327199E0B00BB33DF = {
			isa = PBXGroup;
			children = (
				8A233D6E27199E0B00BB33DF /* TrendMedia */,
				8A233D6D27199E0B00BB33DF /* Products */,
			);
			sourceTree = "<group>";
		};
		8A233D6D27199E0B00BB33DF /* Products */ = {
			isa = PBXGroup;
			children = (
				8A233D6C27199E0B00BB33DF /* TrendMedia.app */,
			);
			name = Products;
			sourceTree = "<group>";
		};
		8A233D6E27199E0B00BB33DF /* TrendMedia */ = {
			isa = PBXGroup;
			children = (
				8A233D6F27199E0B00BB33DF /* AppDelegate.swift */,
				8A233D7127199E0B00BB33DF /* SceneDelegate.swift */,
				8A233D862719A6A100BB33DF /* Models */,
				8A233D832719A69000BB33DF /* Controller */,
				8A623F50271BED55006699BA /* Views */,
				8A437088271C424F002BF12F /* Support */,
				8AC9956227204A1E00F64BE2 /* Resources */,
				8A233D7A27199E0C00BB33DF /* LaunchScreen.storyboard */,
				8A166FE92727AC9A00FA852B /* Config.xcconfig */,
				8A233D7D27199E0C00BB33DF /* Info.plist */,
			);
			path = TrendMedia;
			sourceTree = "<group>";
		};
		8A233D832719A69000BB33DF /* Controller */ = {
			isa = PBXGroup;
			children = (
				8A233D7327199E0B00BB33DF /* MainViewController.swift */,
				8A24E654271C7EF9007560D6 /* DetailMediaViewController.swift */,
				8ABA493D2728502D00769DE9 /* MovieSearch */,
				8A0D4119271D9FBC00D02849 /* WebViewController.swift */,
				8A7ADAF1271F31DC008AB620 /* BookListViewController.swift */,
				8A6B81832720338300C03E11 /* MapViewController.swift */,
			);
			path = Controller;
			sourceTree = "<group>";
		};
		8A233D862719A6A100BB33DF /* Models */ = {
			isa = PBXGroup;
			children = (
				8A233D842719A69A00BB33DF /* Constants.swift */,
				8A43707F271C3465002BF12F /* MediaContents.swift */,
				8A166FE72727A8B200FA852B /* MovieModel.swift */,
				8A20433A2729B8CF00C29541 /* TmdbAPIManager.swift.swift */,
				8A437081271C3527002BF12F /* MediaManager.swift */,
				8AC9956527204AD500F64BE2 /* TheaterLocation.swift */,
				8A6CA3752731803B003AE5A5 /* BoxOfficeModel.swift */,
			);
			path = Models;
			sourceTree = "<group>";
		};
		8A437088271C424F002BF12F /* Support */ = {
			isa = PBXGroup;
			children = (
				8A437089271C426B002BF12F /* Extensions.swift */,
			);
			path = Support;
			sourceTree = "<group>";
		};
		8A623F50271BED55006699BA /* Views */ = {
			isa = PBXGroup;
			children = (
				8A233D7527199E0B00BB33DF /* Main.storyboard */,
				8ABA493927284DEC00769DE9 /* MovieSearch.storyboard */,
				8A0D411B271DA98400D02849 /* MainViews */,
				8AD18717271DAB4F009814BE /* MediaDetailViews */,
				8ABA494127286B8200769DE9 /* MovieSearch */,
				8A7ADAF3271F33DB008AB620 /* BookListViews */,
			);
			path = Views;
			sourceTree = "<group>";
		};
		8A7ADAF3271F33DB008AB620 /* BookListViews */ = {
			isa = PBXGroup;
			children = (
				8A7ADAF4271F3407008AB620 /* BookListCollectionViewCell.swift */,
				8A7ADAF5271F3407008AB620 /* BookListCollectionViewCell.xib */,
			);
			path = BookListViews;
			sourceTree = "<group>";
		};
		8ABA493D2728502D00769DE9 /* MovieSearch */ = {
			isa = PBXGroup;
			children = (
				8A24E660271CA0CE007560D6 /* MovieSearchViewController.swift */,
				8ABA493B2728501800769DE9 /* BoxOfficeVIewController.swift.swift */,
			);
			path = MovieSearch;
			sourceTree = "<group>";
		};
		8ABA494127286B8200769DE9 /* MovieSearch */ = {
			isa = PBXGroup;
			children = (
				8AD18716271DAB37009814BE /* MovieSearchViews */,
				8ABA494227286B9C00769DE9 /* BoxOfficeCell.swift */,
				8ABA494327286B9C00769DE9 /* BoxOfficeCell.xib */,
			);
			path = MovieSearch;
			sourceTree = "<group>";
		};
		8AC9956227204A1E00F64BE2 /* Resources */ = {
			isa = PBXGroup;
			children = (
				8A233D7827199E0C00BB33DF /* Assets.xcassets */,
				8AC9956327204A3300F64BE2 /* cinemas.json */,
			);
			path = Resources;
			sourceTree = "<group>";
		};
		8AD18716271DAB37009814BE /* MovieSearchViews */ = {
			isa = PBXGroup;
			children = (
				8A24E662271CA123007560D6 /* MovieSearchTableViewCell.swift */,
				8A24E663271CA123007560D6 /* MovieSearchTableViewCell.xib */,
				8A24E666271CA4A0007560D6 /* VerticalLineView.swift */,
			);
			path = MovieSearchViews;
			sourceTree = "<group>";
		};
		8AD18717271DAB4F009814BE /* MediaDetailViews */ = {
			isa = PBXGroup;
			children = (
				8A7ADAEE271F0E48008AB620 /* DetailMediaStorylineTableViewCell.swift */,
				8A7ADAED271F0E48008AB620 /* DetailMediaStorylineTableViewCell.xib */,
				8A24E658271C953A007560D6 /* ActorTableViewCell.swift */,
				8A24E659271C953A007560D6 /* ActorTableViewCell.xib */,
				8AD18718271DAB82009814BE /* ActorTableViewHeaderView.swift */,
				8AEB03B3271DBF9000503A5F /* ActorTableViewHeaderView.xib */,
			);
			path = MediaDetailViews;
			sourceTree = "<group>";
		};
/* End PBXGroup section */

/* Begin PBXNativeTarget section */
		8A233D6B27199E0B00BB33DF /* TrendMedia */ = {
			isa = PBXNativeTarget;
			buildConfigurationList = 8A233D8027199E0C00BB33DF /* Build configuration list for PBXNativeTarget "TrendMedia" */;
			buildPhases = (
				8A233D6827199E0B00BB33DF /* Sources */,
				8A233D6927199E0B00BB33DF /* Frameworks */,
				8A233D6A27199E0B00BB33DF /* Resources */,
			);
			buildRules = (
			);
			dependencies = (
			);
			name = TrendMedia;
			packageProductDependencies = (
				8A437084271C3720002BF12F /* Kingfisher */,
				8A166FE227279D2500FA852B /* Alamofire */,
				8A166FE527279D3300FA852B /* SwiftyJSON */,
				8ABA493F2728538700769DE9 /* SnapKit */,
				8A6CA3782731804B003AE5A5 /* Realm */,
				8A6CA37A2731804B003AE5A5 /* RealmSwift */,
			);
			productName = TrendMedia;
			productReference = 8A233D6C27199E0B00BB33DF /* TrendMedia.app */;
			productType = "com.apple.product-type.application";
		};
/* End PBXNativeTarget section */

/* Begin PBXProject section */
		8A233D6427199E0B00BB33DF /* Project object */ = {
			isa = PBXProject;
			attributes = {
				BuildIndependentTargetsInParallel = 1;
				KnownAssetTags = (
					New,
				);
				LastSwiftUpdateCheck = 1300;
				LastUpgradeCheck = 1300;
				TargetAttributes = {
					8A233D6B27199E0B00BB33DF = {
						CreatedOnToolsVersion = 13.0;
					};
				};
			};
			buildConfigurationList = 8A233D6727199E0B00BB33DF /* Build configuration list for PBXProject "TrendMedia" */;
			compatibilityVersion = "Xcode 9.3";
			developmentRegion = en;
			hasScannedForEncodings = 0;
			knownRegions = (
				en,
				Base,
			);
			mainGroup = 8A233D6327199E0B00BB33DF;
			packageReferences = (
				8A437083271C3720002BF12F /* XCRemoteSwiftPackageReference "Kingfisher" */,
				8A166FE127279D2500FA852B /* XCRemoteSwiftPackageReference "Alamofire" */,
				8A166FE427279D3300FA852B /* XCRemoteSwiftPackageReference "SwiftyJSON" */,
				8ABA493E2728538700769DE9 /* XCRemoteSwiftPackageReference "SnapKit" */,
				8A6CA3772731804B003AE5A5 /* XCRemoteSwiftPackageReference "realm-cocoa" */,
			);
			productRefGroup = 8A233D6D27199E0B00BB33DF /* Products */;
			projectDirPath = "";
			projectRoot = "";
			targets = (
				8A233D6B27199E0B00BB33DF /* TrendMedia */,
			);
		};
/* End PBXProject section */

/* Begin PBXResourcesBuildPhase section */
		8A233D6A27199E0B00BB33DF /* Resources */ = {
			isa = PBXResourcesBuildPhase;
			buildActionMask = 2147483647;
			files = (
				8AC9956427204A3300F64BE2 /* cinemas.json in Resources */,
				8AD18715271DAAE1009814BE /* MediaTableViewCell.xib in Resources */,
				8A24E665271CA123007560D6 /* MovieSearchTableViewCell.xib in Resources */,
				8A0D411D271DAA6100D02849 /* MainTableViewTopCell.xib in Resources */,
				8ABA494527286B9C00769DE9 /* BoxOfficeCell.xib in Resources */,
				8A7ADAF7271F3407008AB620 /* BookListCollectionViewCell.xib in Resources */,
				8A233D7C27199E0C00BB33DF /* LaunchScreen.storyboard in Resources */,
				8A24E65B271C953A007560D6 /* ActorTableViewCell.xib in Resources */,
				8AEB03B4271DBF9000503A5F /* ActorTableViewHeaderView.xib in Resources */,
				8A7ADAEF271F0E48008AB620 /* DetailMediaStorylineTableViewCell.xib in Resources */,
				8A233D7927199E0C00BB33DF /* Assets.xcassets in Resources */,
				8A233D7727199E0B00BB33DF /* Main.storyboard in Resources */,
				8ABA493A27284DEC00769DE9 /* MovieSearch.storyboard in Resources */,
			);
			runOnlyForDeploymentPostprocessing = 0;
		};
/* End PBXResourcesBuildPhase section */

/* Begin PBXSourcesBuildPhase section */
		8A233D6827199E0B00BB33DF /* Sources */ = {
			isa = PBXSourcesBuildPhase;
			buildActionMask = 2147483647;
			files = (
				8A24E65D271C994C007560D6 /* MainTableViewTopCell.swift in Sources */,
				8A437082271C3528002BF12F /* MediaManager.swift in Sources */,
				8A24E667271CA4A0007560D6 /* VerticalLineView.swift in Sources */,
				8A6CA3762731803B003AE5A5 /* BoxOfficeModel.swift in Sources */,
				8A7ADAF2271F31DC008AB620 /* BookListViewController.swift in Sources */,
				8A7ADAF0271F0E48008AB620 /* DetailMediaStorylineTableViewCell.swift in Sources */,
				8A43708A271C426B002BF12F /* Extensions.swift in Sources */,
				8A233D7427199E0B00BB33DF /* MainViewController.swift in Sources */,
				8A437080271C3465002BF12F /* MediaContents.swift in Sources */,
				8A24E655271C7EF9007560D6 /* DetailMediaViewController.swift in Sources */,
				8A24E661271CA0CE007560D6 /* MovieSearchViewController.swift in Sources */,
				8AC9956627204AD500F64BE2 /* TheaterLocation.swift in Sources */,
				8A166FE82727A8B200FA852B /* MovieModel.swift in Sources */,
				8A233D7027199E0B00BB33DF /* AppDelegate.swift in Sources */,
				8ABA493C2728501800769DE9 /* BoxOfficeVIewController.swift.swift in Sources */,
				8AD18719271DAB82009814BE /* ActorTableViewHeaderView.swift in Sources */,
				8A437087271C4175002BF12F /* LineView.swift in Sources */,
				8A6B81842720338300C03E11 /* MapViewController.swift in Sources */,
				8A233D7227199E0B00BB33DF /* SceneDelegate.swift in Sources */,
				8A24E664271CA123007560D6 /* MovieSearchTableViewCell.swift in Sources */,
				8A24E65A271C953A007560D6 /* ActorTableViewCell.swift in Sources */,
				8ABA494427286B9C00769DE9 /* BoxOfficeCell.swift in Sources */,
				8A623F57271BEE65006699BA /* MediaTableViewCell.swift in Sources */,
				8A20433B2729B8CF00C29541 /* TmdbAPIManager.swift.swift in Sources */,
				8A233D852719A69A00BB33DF /* Constants.swift in Sources */,
				8A7ADAF6271F3407008AB620 /* BookListCollectionViewCell.swift in Sources */,
				8A0D411A271D9FBC00D02849 /* WebViewController.swift in Sources */,
			);
			runOnlyForDeploymentPostprocessing = 0;
		};
/* End PBXSourcesBuildPhase section */

/* Begin PBXVariantGroup section */
		8A233D7527199E0B00BB33DF /* Main.storyboard */ = {
			isa = PBXVariantGroup;
			children = (
				8A233D7627199E0B00BB33DF /* Base */,
			);
			name = Main.storyboard;
			sourceTree = "<group>";
		};
		8A233D7A27199E0C00BB33DF /* LaunchScreen.storyboard */ = {
			isa = PBXVariantGroup;
			children = (
				8A233D7B27199E0C00BB33DF /* Base */,
			);
			name = LaunchScreen.storyboard;
			sourceTree = "<group>";
		};
/* End PBXVariantGroup section */

/* Begin XCBuildConfiguration section */
		8A233D7E27199E0C00BB33DF /* Debug */ = {
			isa = XCBuildConfiguration;
			baseConfigurationReference = 8A166FE92727AC9A00FA852B /* Config.xcconfig */;
			buildSettings = {
				ALWAYS_SEARCH_USER_PATHS = NO;
				CLANG_ANALYZER_NONNULL = YES;
				CLANG_ANALYZER_NUMBER_OBJECT_CONVERSION = YES_AGGRESSIVE;
				CLANG_CXX_LANGUAGE_STANDARD = "gnu++17";
				CLANG_CXX_LIBRARY = "libc++";
				CLANG_ENABLE_MODULES = YES;
				CLANG_ENABLE_OBJC_ARC = YES;
				CLANG_ENABLE_OBJC_WEAK = YES;
				CLANG_WARN_BLOCK_CAPTURE_AUTORELEASING = YES;
				CLANG_WARN_BOOL_CONVERSION = YES;
				CLANG_WARN_COMMA = YES;
				CLANG_WARN_CONSTANT_CONVERSION = YES;
				CLANG_WARN_DEPRECATED_OBJC_IMPLEMENTATIONS = YES;
				CLANG_WARN_DIRECT_OBJC_ISA_USAGE = YES_ERROR;
				CLANG_WARN_DOCUMENTATION_COMMENTS = YES;
				CLANG_WARN_EMPTY_BODY = YES;
				CLANG_WARN_ENUM_CONVERSION = YES;
				CLANG_WARN_INFINITE_RECURSION = YES;
				CLANG_WARN_INT_CONVERSION = YES;
				CLANG_WARN_NON_LITERAL_NULL_CONVERSION = YES;
				CLANG_WARN_OBJC_IMPLICIT_RETAIN_SELF = YES;
				CLANG_WARN_OBJC_LITERAL_CONVERSION = YES;
				CLANG_WARN_OBJC_ROOT_CLASS = YES_ERROR;
				CLANG_WARN_QUOTED_INCLUDE_IN_FRAMEWORK_HEADER = YES;
				CLANG_WARN_RANGE_LOOP_ANALYSIS = YES;
				CLANG_WARN_STRICT_PROTOTYPES = YES;
				CLANG_WARN_SUSPICIOUS_MOVE = YES;
				CLANG_WARN_UNGUARDED_AVAILABILITY = YES_AGGRESSIVE;
				CLANG_WARN_UNREACHABLE_CODE = YES;
				CLANG_WARN__DUPLICATE_METHOD_MATCH = YES;
				COPY_PHASE_STRIP = NO;
				DEBUG_INFORMATION_FORMAT = dwarf;
				ENABLE_STRICT_OBJC_MSGSEND = YES;
				ENABLE_TESTABILITY = YES;
				GCC_C_LANGUAGE_STANDARD = gnu11;
				GCC_DYNAMIC_NO_PIC = NO;
				GCC_NO_COMMON_BLOCKS = YES;
				GCC_OPTIMIZATION_LEVEL = 0;
				GCC_PREPROCESSOR_DEFINITIONS = (
					"DEBUG=1",
					"$(inherited)",
				);
				GCC_WARN_64_TO_32_BIT_CONVERSION = YES;
				GCC_WARN_ABOUT_RETURN_TYPE = YES_ERROR;
				GCC_WARN_UNDECLARED_SELECTOR = YES;
				GCC_WARN_UNINITIALIZED_AUTOS = YES_AGGRESSIVE;
				GCC_WARN_UNUSED_FUNCTION = YES;
				GCC_WARN_UNUSED_VARIABLE = YES;
				IPHONEOS_DEPLOYMENT_TARGET = 15.0;
				MTL_ENABLE_DEBUG_INFO = INCLUDE_SOURCE;
				MTL_FAST_MATH = YES;
				ONLY_ACTIVE_ARCH = YES;
				SDKROOT = iphoneos;
				SWIFT_ACTIVE_COMPILATION_CONDITIONS = DEBUG;
				SWIFT_OPTIMIZATION_LEVEL = "-Onone";
			};
			name = Debug;
		};
		8A233D7F27199E0C00BB33DF /* Release */ = {
			isa = XCBuildConfiguration;
			baseConfigurationReference = 8A166FE92727AC9A00FA852B /* Config.xcconfig */;
			buildSettings = {
				ALWAYS_SEARCH_USER_PATHS = NO;
				CLANG_ANALYZER_NONNULL = YES;
				CLANG_ANALYZER_NUMBER_OBJECT_CONVERSION = YES_AGGRESSIVE;
				CLANG_CXX_LANGUAGE_STANDARD = "gnu++17";
				CLANG_CXX_LIBRARY = "libc++";
				CLANG_ENABLE_MODULES = YES;
				CLANG_ENABLE_OBJC_ARC = YES;
				CLANG_ENABLE_OBJC_WEAK = YES;
				CLANG_WARN_BLOCK_CAPTURE_AUTORELEASING = YES;
				CLANG_WARN_BOOL_CONVERSION = YES;
				CLANG_WARN_COMMA = YES;
				CLANG_WARN_CONSTANT_CONVERSION = YES;
				CLANG_WARN_DEPRECATED_OBJC_IMPLEMENTATIONS = YES;
				CLANG_WARN_DIRECT_OBJC_ISA_USAGE = YES_ERROR;
				CLANG_WARN_DOCUMENTATION_COMMENTS = YES;
				CLANG_WARN_EMPTY_BODY = YES;
				CLANG_WARN_ENUM_CONVERSION = YES;
				CLANG_WARN_INFINITE_RECURSION = YES;
				CLANG_WARN_INT_CONVERSION = YES;
				CLANG_WARN_NON_LITERAL_NULL_CONVERSION = YES;
				CLANG_WARN_OBJC_IMPLICIT_RETAIN_SELF = YES;
				CLANG_WARN_OBJC_LITERAL_CONVERSION = YES;
				CLANG_WARN_OBJC_ROOT_CLASS = YES_ERROR;
				CLANG_WARN_QUOTED_INCLUDE_IN_FRAMEWORK_HEADER = YES;
				CLANG_WARN_RANGE_LOOP_ANALYSIS = YES;
				CLANG_WARN_STRICT_PROTOTYPES = YES;
				CLANG_WARN_SUSPICIOUS_MOVE = YES;
				CLANG_WARN_UNGUARDED_AVAILABILITY = YES_AGGRESSIVE;
				CLANG_WARN_UNREACHABLE_CODE = YES;
				CLANG_WARN__DUPLICATE_METHOD_MATCH = YES;
				COPY_PHASE_STRIP = NO;
				DEBUG_INFORMATION_FORMAT = "dwarf-with-dsym";
				ENABLE_NS_ASSERTIONS = NO;
				ENABLE_STRICT_OBJC_MSGSEND = YES;
				GCC_C_LANGUAGE_STANDARD = gnu11;
				GCC_NO_COMMON_BLOCKS = YES;
				GCC_WARN_64_TO_32_BIT_CONVERSION = YES;
				GCC_WARN_ABOUT_RETURN_TYPE = YES_ERROR;
				GCC_WARN_UNDECLARED_SELECTOR = YES;
				GCC_WARN_UNINITIALIZED_AUTOS = YES_AGGRESSIVE;
				GCC_WARN_UNUSED_FUNCTION = YES;
				GCC_WARN_UNUSED_VARIABLE = YES;
				IPHONEOS_DEPLOYMENT_TARGET = 15.0;
				MTL_ENABLE_DEBUG_INFO = NO;
				MTL_FAST_MATH = YES;
				SDKROOT = iphoneos;
				SWIFT_COMPILATION_MODE = wholemodule;
				SWIFT_OPTIMIZATION_LEVEL = "-O";
				VALIDATE_PRODUCT = YES;
			};
			name = Release;
		};
		8A233D8127199E0C00BB33DF /* Debug */ = {
			isa = XCBuildConfiguration;
			buildSettings = {
				ASSETCATALOG_COMPILER_APPICON_NAME = AppIcon;
				ASSETCATALOG_COMPILER_GLOBAL_ACCENT_COLOR_NAME = AccentColor;
				CODE_SIGN_STYLE = Automatic;
				CURRENT_PROJECT_VERSION = 1;
				DEVELOPMENT_ASSET_PATHS = TrendMedia/Resources/cinemas.json;
				DEVELOPMENT_TEAM = XJXA3BQDMJ;
				GENERATE_INFOPLIST_FILE = YES;
				INFOPLIST_FILE = TrendMedia/Info.plist;
				INFOPLIST_KEY_UIApplicationSupportsIndirectInputEvents = YES;
				INFOPLIST_KEY_UILaunchStoryboardName = LaunchScreen;
				INFOPLIST_KEY_UIMainStoryboardFile = Main;
				INFOPLIST_KEY_UISupportedInterfaceOrientations_iPad = "UIInterfaceOrientationPortrait UIInterfaceOrientationPortraitUpsideDown UIInterfaceOrientationLandscapeLeft UIInterfaceOrientationLandscapeRight";
				INFOPLIST_KEY_UISupportedInterfaceOrientations_iPhone = "UIInterfaceOrientationPortrait UIInterfaceOrientationLandscapeLeft UIInterfaceOrientationLandscapeRight";
				IPHONEOS_DEPLOYMENT_TARGET = 13.0;
				LD_RUNPATH_SEARCH_PATHS = (
					"$(inherited)",
					"@executable_path/Frameworks",
				);
				MARKETING_VERSION = 1.0;
				PRODUCT_BUNDLE_IDENTIFIER = com.GookBob.TrendMedia;
				PRODUCT_NAME = "$(TARGET_NAME)";
				SWIFT_EMIT_LOC_STRINGS = YES;
				SWIFT_VERSION = 5.0;
				TARGETED_DEVICE_FAMILY = "1,2";
			};
			name = Debug;
		};
		8A233D8227199E0C00BB33DF /* Release */ = {
			isa = XCBuildConfiguration;
			buildSettings = {
				ASSETCATALOG_COMPILER_APPICON_NAME = AppIcon;
				ASSETCATALOG_COMPILER_GLOBAL_ACCENT_COLOR_NAME = AccentColor;
				CODE_SIGN_STYLE = Automatic;
				CURRENT_PROJECT_VERSION = 1;
				DEVELOPMENT_ASSET_PATHS = TrendMedia/Resources/cinemas.json;
				DEVELOPMENT_TEAM = XJXA3BQDMJ;
				GENERATE_INFOPLIST_FILE = YES;
				INFOPLIST_FILE = TrendMedia/Info.plist;
				INFOPLIST_KEY_UIApplicationSupportsIndirectInputEvents = YES;
				INFOPLIST_KEY_UILaunchStoryboardName = LaunchScreen;
				INFOPLIST_KEY_UIMainStoryboardFile = Main;
				INFOPLIST_KEY_UISupportedInterfaceOrientations_iPad = "UIInterfaceOrientationPortrait UIInterfaceOrientationPortraitUpsideDown UIInterfaceOrientationLandscapeLeft UIInterfaceOrientationLandscapeRight";
				INFOPLIST_KEY_UISupportedInterfaceOrientations_iPhone = "UIInterfaceOrientationPortrait UIInterfaceOrientationLandscapeLeft UIInterfaceOrientationLandscapeRight";
				IPHONEOS_DEPLOYMENT_TARGET = 13.0;
				LD_RUNPATH_SEARCH_PATHS = (
					"$(inherited)",
					"@executable_path/Frameworks",
				);
				MARKETING_VERSION = 1.0;
				PRODUCT_BUNDLE_IDENTIFIER = com.GookBob.TrendMedia;
				PRODUCT_NAME = "$(TARGET_NAME)";
				SWIFT_EMIT_LOC_STRINGS = YES;
				SWIFT_VERSION = 5.0;
				TARGETED_DEVICE_FAMILY = "1,2";
			};
			name = Release;
		};
/* End XCBuildConfiguration section */

/* Begin XCConfigurationList section */
		8A233D6727199E0B00BB33DF /* Build configuration list for PBXProject "TrendMedia" */ = {
			isa = XCConfigurationList;
			buildConfigurations = (
				8A233D7E27199E0C00BB33DF /* Debug */,
				8A233D7F27199E0C00BB33DF /* Release */,
			);
			defaultConfigurationIsVisible = 0;
			defaultConfigurationName = Release;
		};
		8A233D8027199E0C00BB33DF /* Build configuration list for PBXNativeTarget "TrendMedia" */ = {
			isa = XCConfigurationList;
			buildConfigurations = (
				8A233D8127199E0C00BB33DF /* Debug */,
				8A233D8227199E0C00BB33DF /* Release */,
			);
			defaultConfigurationIsVisible = 0;
			defaultConfigurationName = Release;
		};
/* End XCConfigurationList section */

/* Begin XCRemoteSwiftPackageReference section */
		8A166FE127279D2500FA852B /* XCRemoteSwiftPackageReference "Alamofire" */ = {
			isa = XCRemoteSwiftPackageReference;
			repositoryURL = "https://github.com/Alamofire/Alamofire";
			requirement = {
				kind = upToNextMajorVersion;
				minimumVersion = 5.0.0;
			};
		};
		8A166FE427279D3300FA852B /* XCRemoteSwiftPackageReference "SwiftyJSON" */ = {
			isa = XCRemoteSwiftPackageReference;
			repositoryURL = "https://github.com/SwiftyJSON/SwiftyJSON.git";
			requirement = {
				kind = exactVersion;
				version = 5.0.0;
			};
		};
		8A437083271C3720002BF12F /* XCRemoteSwiftPackageReference "Kingfisher" */ = {
			isa = XCRemoteSwiftPackageReference;
			repositoryURL = "https://github.com/onevcat/Kingfisher.git";
			requirement = {
				kind = upToNextMajorVersion;
				minimumVersion = 7.0.0;
			};
		};
		8A6CA3772731804B003AE5A5 /* XCRemoteSwiftPackageReference "realm-cocoa" */ = {
			isa = XCRemoteSwiftPackageReference;
			repositoryURL = "https://github.com/realm/realm-cocoa.git";
			requirement = {
				kind = upToNextMajorVersion;
				minimumVersion = 10.0.0;
			};
		};
		8ABA493E2728538700769DE9 /* XCRemoteSwiftPackageReference "SnapKit" */ = {
			isa = XCRemoteSwiftPackageReference;
			repositoryURL = "https://github.com/SnapKit/SnapKit.git";
			requirement = {
				kind = upToNextMajorVersion;
				minimumVersion = 5.0.0;
			};
		};
/* End XCRemoteSwiftPackageReference section */

/* Begin XCSwiftPackageProductDependency section */
		8A166FE227279D2500FA852B /* Alamofire */ = {
			isa = XCSwiftPackageProductDependency;
			package = 8A166FE127279D2500FA852B /* XCRemoteSwiftPackageReference "Alamofire" */;
			productName = Alamofire;
		};
		8A166FE527279D3300FA852B /* SwiftyJSON */ = {
			isa = XCSwiftPackageProductDependency;
			package = 8A166FE427279D3300FA852B /* XCRemoteSwiftPackageReference "SwiftyJSON" */;
			productName = SwiftyJSON;
		};
		8A437084271C3720002BF12F /* Kingfisher */ = {
			isa = XCSwiftPackageProductDependency;
			package = 8A437083271C3720002BF12F /* XCRemoteSwiftPackageReference "Kingfisher" */;
			productName = Kingfisher;
		};
		8A6CA3782731804B003AE5A5 /* Realm */ = {
			isa = XCSwiftPackageProductDependency;
			package = 8A6CA3772731804B003AE5A5 /* XCRemoteSwiftPackageReference "realm-cocoa" */;
			productName = Realm;
		};
		8A6CA37A2731804B003AE5A5 /* RealmSwift */ = {
			isa = XCSwiftPackageProductDependency;
			package = 8A6CA3772731804B003AE5A5 /* XCRemoteSwiftPackageReference "realm-cocoa" */;
			productName = RealmSwift;
		};
		8ABA493F2728538700769DE9 /* SnapKit */ = {
			isa = XCSwiftPackageProductDependency;
			package = 8ABA493E2728538700769DE9 /* XCRemoteSwiftPackageReference "SnapKit" */;
			productName = SnapKit;
		};
/* End XCSwiftPackageProductDependency section */
	};
	rootObject = 8A233D6427199E0B00BB33DF /* Project object */;
}
