// !$*UTF8*$!
{
	archiveVersion = 1;
	classes = {
	};
	objectVersion = 53;
	objects = {

/* Begin PBXBuildFile section */
		8A16B6882712DC0B00D629B4 /* Main.storyboard in Resources */ = {isa = PBXBuildFile; fileRef = 8A16B6842712DC0B00D629B4 /* Main.storyboard */; };
		8A16B6892712DC0B00D629B4 /* LaunchScreen.storyboard in Resources */ = {isa = PBXBuildFile; fileRef = 8A16B6862712DC0B00D629B4 /* LaunchScreen.storyboard */; };
		8A16B68C2712DC6700D629B4 /* TextFieldEffects in Frameworks */ = {isa = PBXBuildFile; productRef = 8A16B68B2712DC6700D629B4 /* TextFieldEffects */; };
		8A16B68E2712E5C200D629B4 /* UserProfileModel.swift in Sources */ = {isa = PBXBuildFile; fileRef = 8A16B68D2712E5C200D629B4 /* UserProfileModel.swift */; };
		8A7846C72712C499007ACD7A /* AppDelegate.swift in Sources */ = {isa = PBXBuildFile; fileRef = 8A7846C62712C499007ACD7A /* AppDelegate.swift */; };
		8A7846C92712C499007ACD7A /* SceneDelegate.swift in Sources */ = {isa = PBXBuildFile; fileRef = 8A7846C82712C499007ACD7A /* SceneDelegate.swift */; };
		8A7846CB2712C499007ACD7A /* DrinkWaterViewController.swift in Sources */ = {isa = PBXBuildFile; fileRef = 8A7846CA2712C499007ACD7A /* DrinkWaterViewController.swift */; };
		8A7846D02712C499007ACD7A /* Assets.xcassets in Resources */ = {isa = PBXBuildFile; fileRef = 8A7846CF2712C499007ACD7A /* Assets.xcassets */; };
		8A7846DE2712D80C007ACD7A /* Constants.swift in Sources */ = {isa = PBXBuildFile; fileRef = 8A7846DD2712D80C007ACD7A /* Constants.swift */; };
		8A7846E02712D912007ACD7A /* ProfileViewController.swift in Sources */ = {isa = PBXBuildFile; fileRef = 8A7846DF2712D912007ACD7A /* ProfileViewController.swift */; };
/* End PBXBuildFile section */

/* Begin PBXFileReference section */
		8A16B6852712DC0B00D629B4 /* Base */ = {isa = PBXFileReference; lastKnownFileType = file.storyboard; name = Base; path = Base.lproj/Main.storyboard; sourceTree = "<group>"; };
		8A16B6872712DC0B00D629B4 /* Base */ = {isa = PBXFileReference; lastKnownFileType = file.storyboard; name = Base; path = Base.lproj/LaunchScreen.storyboard; sourceTree = "<group>"; };
		8A16B68D2712E5C200D629B4 /* UserProfileModel.swift */ = {isa = PBXFileReference; lastKnownFileType = sourcecode.swift; path = UserProfileModel.swift; sourceTree = "<group>"; };
		8A7846C32712C499007ACD7A /* DrinkWater.app */ = {isa = PBXFileReference; explicitFileType = wrapper.application; includeInIndex = 0; path = DrinkWater.app; sourceTree = BUILT_PRODUCTS_DIR; };
		8A7846C62712C499007ACD7A /* AppDelegate.swift */ = {isa = PBXFileReference; lastKnownFileType = sourcecode.swift; path = AppDelegate.swift; sourceTree = "<group>"; };
		8A7846C82712C499007ACD7A /* SceneDelegate.swift */ = {isa = PBXFileReference; lastKnownFileType = sourcecode.swift; path = SceneDelegate.swift; sourceTree = "<group>"; };
		8A7846CA2712C499007ACD7A /* DrinkWaterViewController.swift */ = {isa = PBXFileReference; lastKnownFileType = sourcecode.swift; path = DrinkWaterViewController.swift; sourceTree = "<group>"; };
		8A7846CF2712C499007ACD7A /* Assets.xcassets */ = {isa = PBXFileReference; lastKnownFileType = folder.assetcatalog; path = Assets.xcassets; sourceTree = "<group>"; };
		8A7846D42712C499007ACD7A /* Info.plist */ = {isa = PBXFileReference; lastKnownFileType = text.plist.xml; path = Info.plist; sourceTree = "<group>"; };
		8A7846DD2712D80C007ACD7A /* Constants.swift */ = {isa = PBXFileReference; lastKnownFileType = sourcecode.swift; path = Constants.swift; sourceTree = "<group>"; };
		8A7846DF2712D912007ACD7A /* ProfileViewController.swift */ = {isa = PBXFileReference; lastKnownFileType = sourcecode.swift; path = ProfileViewController.swift; sourceTree = "<group>"; };
/* End PBXFileReference section */

/* Begin PBXFrameworksBuildPhase section */
		8A7846C02712C499007ACD7A /* Frameworks */ = {
			isa = PBXFrameworksBuildPhase;
			buildActionMask = 2147483647;
			files = (
				8A16B68C2712DC6700D629B4 /* TextFieldEffects in Frameworks */,
			);
			runOnlyForDeploymentPostprocessing = 0;
		};
/* End PBXFrameworksBuildPhase section */

/* Begin PBXGroup section */
		8A7846BA2712C499007ACD7A = {
			isa = PBXGroup;
			children = (
				8A7846C52712C499007ACD7A /* DrinkWater */,
				8A7846C42712C499007ACD7A /* Products */,
			);
			sourceTree = "<group>";
		};
		8A7846C42712C499007ACD7A /* Products */ = {
			isa = PBXGroup;
			children = (
				8A7846C32712C499007ACD7A /* DrinkWater.app */,
			);
			name = Products;
			sourceTree = "<group>";
		};
		8A7846C52712C499007ACD7A /* DrinkWater */ = {
			isa = PBXGroup;
			children = (
				8A7846C62712C499007ACD7A /* AppDelegate.swift */,
				8A7846C82712C499007ACD7A /* SceneDelegate.swift */,
				8A7846E22712D91F007ACD7A /* Models */,
				8A7846E12712D915007ACD7A /* View Controller */,
				8A7846E32712D92A007ACD7A /* Views */,
				8A7846CF2712C499007ACD7A /* Assets.xcassets */,
				8A16B6842712DC0B00D629B4 /* Main.storyboard */,
				8A16B6862712DC0B00D629B4 /* LaunchScreen.storyboard */,
				8A7846D42712C499007ACD7A /* Info.plist */,
			);
			path = DrinkWater;
			sourceTree = "<group>";
		};
		8A7846E12712D915007ACD7A /* View Controller */ = {
			isa = PBXGroup;
			children = (
				8A7846CA2712C499007ACD7A /* DrinkWaterViewController.swift */,
				8A7846DF2712D912007ACD7A /* ProfileViewController.swift */,
			);
			path = "View Controller";
			sourceTree = "<group>";
		};
		8A7846E22712D91F007ACD7A /* Models */ = {
			isa = PBXGroup;
			children = (
				8A7846DD2712D80C007ACD7A /* Constants.swift */,
				8A16B68D2712E5C200D629B4 /* UserProfileModel.swift */,
			);
			path = Models;
			sourceTree = "<group>";
		};
		8A7846E32712D92A007ACD7A /* Views */ = {
			isa = PBXGroup;
			children = (
			);
			path = Views;
			sourceTree = "<group>";
		};
/* End PBXGroup section */

/* Begin PBXNativeTarget section */
		8A7846C22712C499007ACD7A /* DrinkWater */ = {
			isa = PBXNativeTarget;
			buildConfigurationList = 8A7846D72712C499007ACD7A /* Build configuration list for PBXNativeTarget "DrinkWater" */;
			buildPhases = (
				8A7846BF2712C499007ACD7A /* Sources */,
				8A7846C02712C499007ACD7A /* Frameworks */,
				8A7846C12712C499007ACD7A /* Resources */,
			);
			buildRules = (
			);
			dependencies = (
			);
			name = DrinkWater;
			packageProductDependencies = (
				8A16B68B2712DC6700D629B4 /* TextFieldEffects */,
			);
			productName = DrinkWater;
			productReference = 8A7846C32712C499007ACD7A /* DrinkWater.app */;
			productType = "com.apple.product-type.application";
		};
/* End PBXNativeTarget section */

/* Begin PBXProject section */
		8A7846BB2712C499007ACD7A /* Project object */ = {
			isa = PBXProject;
			attributes = {
				BuildIndependentTargetsInParallel = 1;
				LastSwiftUpdateCheck = 1300;
				LastUpgradeCheck = 1300;
				TargetAttributes = {
					8A7846C22712C499007ACD7A = {
						CreatedOnToolsVersion = 13.0;
					};
				};
			};
			buildConfigurationList = 8A7846BE2712C499007ACD7A /* Build configuration list for PBXProject "DrinkWater" */;
			compatibilityVersion = "Xcode 9.3";
			developmentRegion = en;
			hasScannedForEncodings = 0;
			knownRegions = (
				en,
				Base,
			);
			mainGroup = 8A7846BA2712C499007ACD7A;
			packageReferences = (
				8A16B68A2712DC6700D629B4 /* XCRemoteSwiftPackageReference "TextFieldEffects" */,
			);
			productRefGroup = 8A7846C42712C499007ACD7A /* Products */;
			projectDirPath = "";
			projectRoot = "";
			targets = (
				8A7846C22712C499007ACD7A /* DrinkWater */,
			);
		};
/* End PBXProject section */

/* Begin PBXResourcesBuildPhase section */
		8A7846C12712C499007ACD7A /* Resources */ = {
			isa = PBXResourcesBuildPhase;
			buildActionMask = 2147483647;
			files = (
				8A16B6892712DC0B00D629B4 /* LaunchScreen.storyboard in Resources */,
				8A7846D02712C499007ACD7A /* Assets.xcassets in Resources */,
				8A16B6882712DC0B00D629B4 /* Main.storyboard in Resources */,
			);
			runOnlyForDeploymentPostprocessing = 0;
		};
/* End PBXResourcesBuildPhase section */

/* Begin PBXSourcesBuildPhase section */
		8A7846BF2712C499007ACD7A /* Sources */ = {
			isa = PBXSourcesBuildPhase;
			buildActionMask = 2147483647;
			files = (
				8A7846CB2712C499007ACD7A /* DrinkWaterViewController.swift in Sources */,
				8A7846C72712C499007ACD7A /* AppDelegate.swift in Sources */,
				8A7846E02712D912007ACD7A /* ProfileViewController.swift in Sources */,
				8A7846C92712C499007ACD7A /* SceneDelegate.swift in Sources */,
				8A16B68E2712E5C200D629B4 /* UserProfileModel.swift in Sources */,
				8A7846DE2712D80C007ACD7A /* Constants.swift in Sources */,
			);
			runOnlyForDeploymentPostprocessing = 0;
		};
/* End PBXSourcesBuildPhase section */

/* Begin PBXVariantGroup section */
		8A16B6842712DC0B00D629B4 /* Main.storyboard */ = {
			isa = PBXVariantGroup;
			children = (
				8A16B6852712DC0B00D629B4 /* Base */,
			);
			name = Main.storyboard;
			sourceTree = "<group>";
		};
		8A16B6862712DC0B00D629B4 /* LaunchScreen.storyboard */ = {
			isa = PBXVariantGroup;
			children = (
				8A16B6872712DC0B00D629B4 /* Base */,
			);
			name = LaunchScreen.storyboard;
			sourceTree = "<group>";
		};
/* End PBXVariantGroup section */

/* Begin XCBuildConfiguration section */
		8A7846D52712C499007ACD7A /* Debug */ = {
			isa = XCBuildConfiguration;
			buildSettings = {
				ALWAYS_SEARCH_USER_PATHS = NO;
				CLANG_ANALYZER_NONNULL = YES;
				CLANG_ANALYZER_NUMBER_OBJECT_CONVERSION = YES_AGGRESSIVE;
				CLANG_CXX_LANGUAGE_STANDARD = "gnu++17";
				CLANG_CXX_LIBRARY = "libc++";
				CLANG_ENABLE_MODULES = YES;
				CLANG_ENABLE_OBJC_ARC = YES;
				CLANG_ENABLE_OBJC_WEAK = YES;
				CLANG_WARN_BLOCK_CAPTURE_AUTORELEASING = YES;
				CLANG_WARN_BOOL_CONVERSION = YES;
				CLANG_WARN_COMMA = YES;
				CLANG_WARN_CONSTANT_CONVERSION = YES;
				CLANG_WARN_DEPRECATED_OBJC_IMPLEMENTATIONS = YES;
				CLANG_WARN_DIRECT_OBJC_ISA_USAGE = YES_ERROR;
				CLANG_WARN_DOCUMENTATION_COMMENTS = YES;
				CLANG_WARN_EMPTY_BODY = YES;
				CLANG_WARN_ENUM_CONVERSION = YES;
				CLANG_WARN_INFINITE_RECURSION = YES;
				CLANG_WARN_INT_CONVERSION = YES;
				CLANG_WARN_NON_LITERAL_NULL_CONVERSION = YES;
				CLANG_WARN_OBJC_IMPLICIT_RETAIN_SELF = YES;
				CLANG_WARN_OBJC_LITERAL_CONVERSION = YES;
				CLANG_WARN_OBJC_ROOT_CLASS = YES_ERROR;
				CLANG_WARN_QUOTED_INCLUDE_IN_FRAMEWORK_HEADER = YES;
				CLANG_WARN_RANGE_LOOP_ANALYSIS = YES;
				CLANG_WARN_STRICT_PROTOTYPES = YES;
				CLANG_WARN_SUSPICIOUS_MOVE = YES;
				CLANG_WARN_UNGUARDED_AVAILABILITY = YES_AGGRESSIVE;
				CLANG_WARN_UNREACHABLE_CODE = YES;
				CLANG_WARN__DUPLICATE_METHOD_MATCH = YES;
				COPY_PHASE_STRIP = NO;
				DEBUG_INFORMATION_FORMAT = dwarf;
				ENABLE_STRICT_OBJC_MSGSEND = YES;
				ENABLE_TESTABILITY = YES;
				GCC_C_LANGUAGE_STANDARD = gnu11;
				GCC_DYNAMIC_NO_PIC = NO;
				GCC_NO_COMMON_BLOCKS = YES;
				GCC_OPTIMIZATION_LEVEL = 0;
				GCC_PREPROCESSOR_DEFINITIONS = (
					"DEBUG=1",
					"$(inherited)",
				);
				GCC_WARN_64_TO_32_BIT_CONVERSION = YES;
				GCC_WARN_ABOUT_RETURN_TYPE = YES_ERROR;
				GCC_WARN_UNDECLARED_SELECTOR = YES;
				GCC_WARN_UNINITIALIZED_AUTOS = YES_AGGRESSIVE;
				GCC_WARN_UNUSED_FUNCTION = YES;
				GCC_WARN_UNUSED_VARIABLE = YES;
				IPHONEOS_DEPLOYMENT_TARGET = 15.0;
				MTL_ENABLE_DEBUG_INFO = INCLUDE_SOURCE;
				MTL_FAST_MATH = YES;
				ONLY_ACTIVE_ARCH = YES;
				SDKROOT = iphoneos;
				SWIFT_ACTIVE_COMPILATION_CONDITIONS = DEBUG;
				SWIFT_OPTIMIZATION_LEVEL = "-Onone";
			};
			name = Debug;
		};
		8A7846D62712C499007ACD7A /* Release */ = {
			isa = XCBuildConfiguration;
			buildSettings = {
				ALWAYS_SEARCH_USER_PATHS = NO;
				CLANG_ANALYZER_NONNULL = YES;
				CLANG_ANALYZER_NUMBER_OBJECT_CONVERSION = YES_AGGRESSIVE;
				CLANG_CXX_LANGUAGE_STANDARD = "gnu++17";
				CLANG_CXX_LIBRARY = "libc++";
				CLANG_ENABLE_MODULES = YES;
				CLANG_ENABLE_OBJC_ARC = YES;
				CLANG_ENABLE_OBJC_WEAK = YES;
				CLANG_WARN_BLOCK_CAPTURE_AUTORELEASING = YES;
				CLANG_WARN_BOOL_CONVERSION = YES;
				CLANG_WARN_COMMA = YES;
				CLANG_WARN_CONSTANT_CONVERSION = YES;
				CLANG_WARN_DEPRECATED_OBJC_IMPLEMENTATIONS = YES;
				CLANG_WARN_DIRECT_OBJC_ISA_USAGE = YES_ERROR;
				CLANG_WARN_DOCUMENTATION_COMMENTS = YES;
				CLANG_WARN_EMPTY_BODY = YES;
				CLANG_WARN_ENUM_CONVERSION = YES;
				CLANG_WARN_INFINITE_RECURSION = YES;
				CLANG_WARN_INT_CONVERSION = YES;
				CLANG_WARN_NON_LITERAL_NULL_CONVERSION = YES;
				CLANG_WARN_OBJC_IMPLICIT_RETAIN_SELF = YES;
				CLANG_WARN_OBJC_LITERAL_CONVERSION = YES;
				CLANG_WARN_OBJC_ROOT_CLASS = YES_ERROR;
				CLANG_WARN_QUOTED_INCLUDE_IN_FRAMEWORK_HEADER = YES;
				CLANG_WARN_RANGE_LOOP_ANALYSIS = YES;
				CLANG_WARN_STRICT_PROTOTYPES = YES;
				CLANG_WARN_SUSPICIOUS_MOVE = YES;
				CLANG_WARN_UNGUARDED_AVAILABILITY = YES_AGGRESSIVE;
				CLANG_WARN_UNREACHABLE_CODE = YES;
				CLANG_WARN__DUPLICATE_METHOD_MATCH = YES;
				COPY_PHASE_STRIP = NO;
				DEBUG_INFORMATION_FORMAT = "dwarf-with-dsym";
				ENABLE_NS_ASSERTIONS = NO;
				ENABLE_STRICT_OBJC_MSGSEND = YES;
				GCC_C_LANGUAGE_STANDARD = gnu11;
				GCC_NO_COMMON_BLOCKS = YES;
				GCC_WARN_64_TO_32_BIT_CONVERSION = YES;
				GCC_WARN_ABOUT_RETURN_TYPE = YES_ERROR;
				GCC_WARN_UNDECLARED_SELECTOR = YES;
				GCC_WARN_UNINITIALIZED_AUTOS = YES_AGGRESSIVE;
				GCC_WARN_UNUSED_FUNCTION = YES;
				GCC_WARN_UNUSED_VARIABLE = YES;
				IPHONEOS_DEPLOYMENT_TARGET = 15.0;
				MTL_ENABLE_DEBUG_INFO = NO;
				MTL_FAST_MATH = YES;
				SDKROOT = iphoneos;
				SWIFT_COMPILATION_MODE = wholemodule;
				SWIFT_OPTIMIZATION_LEVEL = "-O";
				VALIDATE_PRODUCT = YES;
			};
			name = Release;
		};
		8A7846D82712C499007ACD7A /* Debug */ = {
			isa = XCBuildConfiguration;
			buildSettings = {
				ASSETCATALOG_COMPILER_APPICON_NAME = AppIcon;
				ASSETCATALOG_COMPILER_GLOBAL_ACCENT_COLOR_NAME = AccentColor;
				CODE_SIGN_STYLE = Automatic;
				CURRENT_PROJECT_VERSION = 1;
				DEVELOPMENT_TEAM = XJXA3BQDMJ;
				GENERATE_INFOPLIST_FILE = YES;
				INFOPLIST_FILE = DrinkWater/Info.plist;
				INFOPLIST_KEY_UIApplicationSupportsIndirectInputEvents = YES;
				INFOPLIST_KEY_UILaunchStoryboardName = LaunchScreen;
				INFOPLIST_KEY_UIMainStoryboardFile = Main;
				INFOPLIST_KEY_UISupportedInterfaceOrientations = UIInterfaceOrientationPortrait;
				INFOPLIST_KEY_UISupportedInterfaceOrientations_iPad = "UIInterfaceOrientationPortrait UIInterfaceOrientationPortraitUpsideDown UIInterfaceOrientationLandscapeLeft UIInterfaceOrientationLandscapeRight";
				INFOPLIST_KEY_UISupportedInterfaceOrientations_iPhone = UIInterfaceOrientationPortrait;
				LD_RUNPATH_SEARCH_PATHS = (
					"$(inherited)",
					"@executable_path/Frameworks",
				);
				MARKETING_VERSION = 1.0;
				PRODUCT_BUNDLE_IDENTIFIER = com.GookBob.DrinkWater;
				PRODUCT_NAME = "$(TARGET_NAME)";
				SWIFT_EMIT_LOC_STRINGS = YES;
				SWIFT_VERSION = 5.0;
				TARGETED_DEVICE_FAMILY = 1;
			};
			name = Debug;
		};
		8A7846D92712C499007ACD7A /* Release */ = {
			isa = XCBuildConfiguration;
			buildSettings = {
				ASSETCATALOG_COMPILER_APPICON_NAME = AppIcon;
				ASSETCATALOG_COMPILER_GLOBAL_ACCENT_COLOR_NAME = AccentColor;
				CODE_SIGN_STYLE = Automatic;
				CURRENT_PROJECT_VERSION = 1;
				DEVELOPMENT_TEAM = XJXA3BQDMJ;
				GENERATE_INFOPLIST_FILE = YES;
				INFOPLIST_FILE = DrinkWater/Info.plist;
				INFOPLIST_KEY_UIApplicationSupportsIndirectInputEvents = YES;
				INFOPLIST_KEY_UILaunchStoryboardName = LaunchScreen;
				INFOPLIST_KEY_UIMainStoryboardFile = Main;
				INFOPLIST_KEY_UISupportedInterfaceOrientations = UIInterfaceOrientationPortrait;
				INFOPLIST_KEY_UISupportedInterfaceOrientations_iPad = "UIInterfaceOrientationPortrait UIInterfaceOrientationPortraitUpsideDown UIInterfaceOrientationLandscapeLeft UIInterfaceOrientationLandscapeRight";
				INFOPLIST_KEY_UISupportedInterfaceOrientations_iPhone = UIInterfaceOrientationPortrait;
				LD_RUNPATH_SEARCH_PATHS = (
					"$(inherited)",
					"@executable_path/Frameworks",
				);
				MARKETING_VERSION = 1.0;
				PRODUCT_BUNDLE_IDENTIFIER = com.GookBob.DrinkWater;
				PRODUCT_NAME = "$(TARGET_NAME)";
				SWIFT_EMIT_LOC_STRINGS = YES;
				SWIFT_VERSION = 5.0;
				TARGETED_DEVICE_FAMILY = 1;
			};
			name = Release;
		};
/* End XCBuildConfiguration section */

/* Begin XCConfigurationList section */
		8A7846BE2712C499007ACD7A /* Build configuration list for PBXProject "DrinkWater" */ = {
			isa = XCConfigurationList;
			buildConfigurations = (
				8A7846D52712C499007ACD7A /* Debug */,
				8A7846D62712C499007ACD7A /* Release */,
			);
			defaultConfigurationIsVisible = 0;
			defaultConfigurationName = Release;
		};
		8A7846D72712C499007ACD7A /* Build configuration list for PBXNativeTarget "DrinkWater" */ = {
			isa = XCConfigurationList;
			buildConfigurations = (
				8A7846D82712C499007ACD7A /* Debug */,
				8A7846D92712C499007ACD7A /* Release */,
			);
			defaultConfigurationIsVisible = 0;
			defaultConfigurationName = Release;
		};
/* End XCConfigurationList section */

/* Begin XCRemoteSwiftPackageReference section */
		8A16B68A2712DC6700D629B4 /* XCRemoteSwiftPackageReference "TextFieldEffects" */ = {
			isa = XCRemoteSwiftPackageReference;
			repositoryURL = "https://github.com/raulriera/TextFieldEffects.git";
			requirement = {
				kind = upToNextMajorVersion;
				minimumVersion = 1.0.0;
			};
		};
/* End XCRemoteSwiftPackageReference section */

/* Begin XCSwiftPackageProductDependency section */
		8A16B68B2712DC6700D629B4 /* TextFieldEffects */ = {
			isa = XCSwiftPackageProductDependency;
			package = 8A16B68A2712DC6700D629B4 /* XCRemoteSwiftPackageReference "TextFieldEffects" */;
			productName = TextFieldEffects;
		};
/* End XCSwiftPackageProductDependency section */
	};
	rootObject = 8A7846BB2712C499007ACD7A /* Project object */;
}
